// !$*UTF8*$!
{
	archiveVersion = 1;
	classes = {
	};
	objectVersion = 77;
	objects = {

/* Begin PBXContainerItemProxy section */
		CA71B1A82E137875003496E0 /* PBXContainerItemProxy */ = {
			isa = PBXContainerItemProxy;
			containerPortal = CA71B1902E137873003496E0 /* Project object */;
			proxyType = 1;
			remoteGlobalIDString = CA71B1972E137873003496E0;
			remoteInfo = LemonRestaurant;
		};
		CA71B1B22E137875003496E0 /* PBXContainerItemProxy */ = {
			isa = PBXContainerItemProxy;
			containerPortal = CA71B1902E137873003496E0 /* Project object */;
			proxyType = 1;
			remoteGlobalIDString = CA71B1972E137873003496E0;
			remoteInfo = LemonRestaurant;
		};
/* End PBXContainerItemProxy section */

/* Begin PBXFileReference section */
		CA71B1982E137873003496E0 /* LemonRestaurant.app */ = {isa = PBXFileReference; explicitFileType = wrapper.application; includeInIndex = 0; path = LemonRestaurant.app; sourceTree = BUILT_PRODUCTS_DIR; };
		CA71B1A72E137875003496E0 /* LemonRestaurantTests.xctest */ = {isa = PBXFileReference; explicitFileType = wrapper.cfbundle; includeInIndex = 0; path = LemonRestaurantTests.xctest; sourceTree = BUILT_PRODUCTS_DIR; };
		CA71B1B12E137875003496E0 /* LemonRestaurantUITests.xctest */ = {isa = PBXFileReference; explicitFileType = wrapper.cfbundle; includeInIndex = 0; path = LemonRestaurantUITests.xctest; sourceTree = BUILT_PRODUCTS_DIR; };
/* End PBXFileReference section */

/* Begin PBXFileSystemSynchronizedRootGroup section */
		CA71B19A2E137873003496E0 /* LemonRestaurant */ = {
			isa = PBXFileSystemSynchronizedRootGroup;
			path = LemonRestaurant;
			sourceTree = "<group>";
		};
		CA71B1AA2E137875003496E0 /* LemonRestaurantTests */ = {
			isa = PBXFileSystemSynchronizedRootGroup;
			path = LemonRestaurantTests;
			sourceTree = "<group>";
		};
		CA71B1B42E137875003496E0 /* LemonRestaurantUITests */ = {
			isa = PBXFileSystemSynchronizedRootGroup;
			path = LemonRestaurantUITests;
			sourceTree = "<group>";
		};
		CA895A6E2E160CB4008BCE4D /* Practice */ = {
			isa = PBXFileSystemSynchronizedRootGroup;
			path = Practice;
			sourceTree = "<group>";
		};
/* End PBXFileSystemSynchronizedRootGroup section */

/* Begin PBXFrameworksBuildPhase section */
		CA71B1952E137873003496E0 /* Frameworks */ = {
			isa = PBXFrameworksBuildPhase;
			buildActionMask = 2147483647;
			files = (
			);
			runOnlyForDeploymentPostprocessing = 0;
		};
		CA71B1A42E137875003496E0 /* Frameworks */ = {
			isa = PBXFrameworksBuildPhase;
			buildActionMask = 2147483647;
			files = (
			);
			runOnlyForDeploymentPostprocessing = 0;
		};
		CA71B1AE2E137875003496E0 /* Frameworks */ = {
			isa = PBXFrameworksBuildPhase;
			buildActionMask = 2147483647;
			files = (
			);
			runOnlyForDeploymentPostprocessing = 0;
		};
/* End PBXFrameworksBuildPhase section */

/* Begin PBXGroup section */
		CA71B18F2E137873003496E0 = {
			isa = PBXGroup;
			children = (
				CA71B19A2E137873003496E0 /* LemonRestaurant */,
				CA71B1AA2E137875003496E0 /* LemonRestaurantTests */,
				CA71B1B42E137875003496E0 /* LemonRestaurantUITests */,
				CA71B1992E137873003496E0 /* Products */,
				CA895A6E2E160CB4008BCE4D /* Practice */,
			);
			sourceTree = "<group>";
		};
		CA71B1992E137873003496E0 /* Products */ = {
			isa = PBXGroup;
			children = (
				CA71B1982E137873003496E0 /* LemonRestaurant.app */,
				CA71B1A72E137875003496E0 /* LemonRestaurantTests.xctest */,
				CA71B1B12E137875003496E0 /* LemonRestaurantUITests.xctest */,
			);
			name = Products;
			sourceTree = "<group>";
		};
/* End PBXGroup section */

/* Begin PBXNativeTarget section */
		CA71B1972E137873003496E0 /* LemonRestaurant */ = {
			isa = PBXNativeTarget;
			buildConfigurationList = CA71B1BB2E137875003496E0 /* Build configuration list for PBXNativeTarget "LemonRestaurant" */;
			buildPhases = (
				CA71B1942E137873003496E0 /* Sources */,
				CA71B1952E137873003496E0 /* Frameworks */,
				CA71B1962E137873003496E0 /* Resources */,
			);
			buildRules = (
			);
			dependencies = (
			);
			fileSystemSynchronizedGroups = (
				CA71B19A2E137873003496E0 /* LemonRestaurant */,
				CA895A6E2E160CB4008BCE4D /* Practice */,
			);
			name = LemonRestaurant;
			packageProductDependencies = (
			);
			productName = LemonRestaurant;
			productReference = CA71B1982E137873003496E0 /* LemonRestaurant.app */;
			productType = "com.apple.product-type.application";
		};
		CA71B1A62E137875003496E0 /* LemonRestaurantTests */ = {
			isa = PBXNativeTarget;
			buildConfigurationList = CA71B1BE2E137875003496E0 /* Build configuration list for PBXNativeTarget "LemonRestaurantTests" */;
			buildPhases = (
				CA71B1A32E137875003496E0 /* Sources */,
				CA71B1A42E137875003496E0 /* Frameworks */,
				CA71B1A52E137875003496E0 /* Resources */,
			);
			buildRules = (
			);
			dependencies = (
				CA71B1A92E137875003496E0 /* PBXTargetDependency */,
			);
			fileSystemSynchronizedGroups = (
				CA71B1AA2E137875003496E0 /* LemonRestaurantTests */,
			);
			name = LemonRestaurantTests;
			packageProductDependencies = (
			);
			productName = LemonRestaurantTests;
			productReference = CA71B1A72E137875003496E0 /* LemonRestaurantTests.xctest */;
			productType = "com.apple.product-type.bundle.unit-test";
		};
		CA71B1B02E137875003496E0 /* LemonRestaurantUITests */ = {
			isa = PBXNativeTarget;
			buildConfigurationList = CA71B1C12E137875003496E0 /* Build configuration list for PBXNativeTarget "LemonRestaurantUITests" */;
			buildPhases = (
				CA71B1AD2E137875003496E0 /* Sources */,
				CA71B1AE2E137875003496E0 /* Frameworks */,
				CA71B1AF2E137875003496E0 /* Resources */,
			);
			buildRules = (
			);
			dependencies = (
				CA71B1B32E137875003496E0 /* PBXTargetDependency */,
			);
			fileSystemSynchronizedGroups = (
				CA71B1B42E137875003496E0 /* LemonRestaurantUITests */,
			);
			name = LemonRestaurantUITests;
			packageProductDependencies = (
			);
			productName = LemonRestaurantUITests;
			productReference = CA71B1B12E137875003496E0 /* LemonRestaurantUITests.xctest */;
			productType = "com.apple.product-type.bundle.ui-testing";
		};
/* End PBXNativeTarget section */

/* Begin PBXProject section */
		CA71B1902E137873003496E0 /* Project object */ = {
			isa = PBXProject;
			attributes = {
				BuildIndependentTargetsInParallel = 1;
				LastSwiftUpdateCheck = 1640;
				LastUpgradeCheck = 1640;
				TargetAttributes = {
					CA71B1972E137873003496E0 = {
						CreatedOnToolsVersion = 16.4;
					};
					CA71B1A62E137875003496E0 = {
						CreatedOnToolsVersion = 16.4;
						TestTargetID = CA71B1972E137873003496E0;
					};
					CA71B1B02E137875003496E0 = {
						CreatedOnToolsVersion = 16.4;
						TestTargetID = CA71B1972E137873003496E0;
					};
				};
			};
			buildConfigurationList = CA71B1932E137873003496E0 /* Build configuration list for PBXProject "LemonRestaurant" */;
			developmentRegion = en;
			hasScannedForEncodings = 0;
			knownRegions = (
				en,
				Base,
			);
			mainGroup = CA71B18F2E137873003496E0;
			minimizedProjectReferenceProxies = 1;
			preferredProjectObjectVersion = 77;
			productRefGroup = CA71B1992E137873003496E0 /* Products */;
			projectDirPath = "";
			projectRoot = "";
			targets = (
				CA71B1972E137873003496E0 /* LemonRestaurant */,
				CA71B1A62E137875003496E0 /* LemonRestaurantTests */,
				CA71B1B02E137875003496E0 /* LemonRestaurantUITests */,
			);
		};
/* End PBXProject section */

/* Begin PBXResourcesBuildPhase section */
		CA71B1962E137873003496E0 /* Resources */ = {
			isa = PBXResourcesBuildPhase;
			buildActionMask = 2147483647;
			files = (
			);
			runOnlyForDeploymentPostprocessing = 0;
		};
		CA71B1A52E137875003496E0 /* Resources */ = {
			isa = PBXResourcesBuildPhase;
			buildActionMask = 2147483647;
			files = (
			);
			runOnlyForDeploymentPostprocessing = 0;
		};
		CA71B1AF2E137875003496E0 /* Resources */ = {
			isa = PBXResourcesBuildPhase;
			buildActionMask = 2147483647;
			files = (
			);
			runOnlyForDeploymentPostprocessing = 0;
		};
/* End PBXResourcesBuildPhase section */

/* Begin PBXSourcesBuildPhase section */
		CA71B1942E137873003496E0 /* Sources */ = {
			isa = PBXSourcesBuildPhase;
			buildActionMask = 2147483647;
			files = (
			);
			runOnlyForDeploymentPostprocessing = 0;
		};
		CA71B1A32E137875003496E0 /* Sources */ = {
			isa = PBXSourcesBuildPhase;
			buildActionMask = 2147483647;
			files = (
			);
			runOnlyForDeploymentPostprocessing = 0;
		};
		CA71B1AD2E137875003496E0 /* Sources */ = {
			isa = PBXSourcesBuildPhase;
			buildActionMask = 2147483647;
			files = (
			);
			runOnlyForDeploymentPostprocessing = 0;
		};
/* End PBXSourcesBuildPhase section */

/* Begin PBXTargetDependency section */
		CA71B1A92E137875003496E0 /* PBXTargetDependency */ = {
			isa = PBXTargetDependency;
			target = CA71B1972E137873003496E0 /* LemonRestaurant */;
			targetProxy = CA71B1A82E137875003496E0 /* PBXContainerItemProxy */;
		};
		CA71B1B32E137875003496E0 /* PBXTargetDependency */ = {
			isa = PBXTargetDependency;
			target = CA71B1972E137873003496E0 /* LemonRestaurant */;
			targetProxy = CA71B1B22E137875003496E0 /* PBXContainerItemProxy */;
		};
/* End PBXTargetDependency section */

/* Begin XCBuildConfiguration section */
		CA71B1B92E137875003496E0 /* Debug */ = {
			isa = XCBuildConfiguration;
			buildSettings = {
				ALWAYS_SEARCH_USER_PATHS = NO;
				ASSETCATALOG_COMPILER_GENERATE_SWIFT_ASSET_SYMBOL_EXTENSIONS = YES;
				CLANG_ANALYZER_NONNULL = YES;
				CLANG_ANALYZER_NUMBER_OBJECT_CONVERSION = YES_AGGRESSIVE;
				CLANG_CXX_LANGUAGE_STANDARD = "gnu++20";
				CLANG_ENABLE_MODULES = YES;
				CLANG_ENABLE_OBJC_ARC = YES;
				CLANG_ENABLE_OBJC_WEAK = YES;
				CLANG_WARN_BLOCK_CAPTURE_AUTORELEASING = YES;
				CLANG_WARN_BOOL_CONVERSION = YES;
				CLANG_WARN_COMMA = YES;
				CLANG_WARN_CONSTANT_CONVERSION = YES;
				CLANG_WARN_DEPRECATED_OBJC_IMPLEMENTATIONS = YES;
				CLANG_WARN_DIRECT_OBJC_ISA_USAGE = YES_ERROR;
				CLANG_WARN_DOCUMENTATION_COMMENTS = YES;
				CLANG_WARN_EMPTY_BODY = YES;
				CLANG_WARN_ENUM_CONVERSION = YES;
				CLANG_WARN_INFINITE_RECURSION = YES;
				CLANG_WARN_INT_CONVERSION = YES;
				CLANG_WARN_NON_LITERAL_NULL_CONVERSION = YES;
				CLANG_WARN_OBJC_IMPLICIT_RETAIN_SELF = YES;
				CLANG_WARN_OBJC_LITERAL_CONVERSION = YES;
				CLANG_WARN_OBJC_ROOT_CLASS = YES_ERROR;
				CLANG_WARN_QUOTED_INCLUDE_IN_FRAMEWORK_HEADER = YES;
				CLANG_WARN_RANGE_LOOP_ANALYSIS = YES;
				CLANG_WARN_STRICT_PROTOTYPES = YES;
				CLANG_WARN_SUSPICIOUS_MOVE = YES;
				CLANG_WARN_UNGUARDED_AVAILABILITY = YES_AGGRESSIVE;
				CLANG_WARN_UNREACHABLE_CODE = YES;
				CLANG_WARN__DUPLICATE_METHOD_MATCH = YES;
				COPY_PHASE_STRIP = NO;
				DEBUG_INFORMATION_FORMAT = dwarf;
				ENABLE_STRICT_OBJC_MSGSEND = YES;
				ENABLE_TESTABILITY = YES;
				ENABLE_USER_SCRIPT_SANDBOXING = YES;
				GCC_C_LANGUAGE_STANDARD = gnu17;
				GCC_DYNAMIC_NO_PIC = NO;
				GCC_NO_COMMON_BLOCKS = YES;
				GCC_OPTIMIZATION_LEVEL = 0;
				GCC_PREPROCESSOR_DEFINITIONS = (
					"DEBUG=1",
					"$(inherited)",
				);
				GCC_WARN_64_TO_32_BIT_CONVERSION = YES;
				GCC_WARN_ABOUT_RETURN_TYPE = YES_ERROR;
				GCC_WARN_UNDECLARED_SELECTOR = YES;
				GCC_WARN_UNINITIALIZED_AUTOS = YES_AGGRESSIVE;
				GCC_WARN_UNUSED_FUNCTION = YES;
				GCC_WARN_UNUSED_VARIABLE = YES;
				IPHONEOS_DEPLOYMENT_TARGET = 18.5;
				LOCALIZATION_PREFERS_STRING_CATALOGS = YES;
				MTL_ENABLE_DEBUG_INFO = INCLUDE_SOURCE;
				MTL_FAST_MATH = YES;
				ONLY_ACTIVE_ARCH = YES;
				SDKROOT = iphoneos;
				SWIFT_ACTIVE_COMPILATION_CONDITIONS = "DEBUG $(inherited)";
				SWIFT_OPTIMIZATION_LEVEL = "-Onone";
			};
			name = Debug;
		};
		CA71B1BA2E137875003496E0 /* Release */ = {
			isa = XCBuildConfiguration;
			buildSettings = {
				ALWAYS_SEARCH_USER_PATHS = NO;
				ASSETCATALOG_COMPILER_GENERATE_SWIFT_ASSET_SYMBOL_EXTENSIONS = YES;
				CLANG_ANALYZER_NONNULL = YES;
				CLANG_ANALYZER_NUMBER_OBJECT_CONVERSION = YES_AGGRESSIVE;
				CLANG_CXX_LANGUAGE_STANDARD = "gnu++20";
				CLANG_ENABLE_MODULES = YES;
				CLANG_ENABLE_OBJC_ARC = YES;
				CLANG_ENABLE_OBJC_WEAK = YES;
				CLANG_WARN_BLOCK_CAPTURE_AUTORELEASING = YES;
				CLANG_WARN_BOOL_CONVERSION = YES;
				CLANG_WARN_COMMA = YES;
				CLANG_WARN_CONSTANT_CONVERSION = YES;
				CLANG_WARN_DEPRECATED_OBJC_IMPLEMENTATIONS = YES;
				CLANG_WARN_DIRECT_OBJC_ISA_USAGE = YES_ERROR;
				CLANG_WARN_DOCUMENTATION_COMMENTS = YES;
				CLANG_WARN_EMPTY_BODY = YES;
				CLANG_WARN_ENUM_CONVERSION = YES;
				CLANG_WARN_INFINITE_RECURSION = YES;
				CLANG_WARN_INT_CONVERSION = YES;
				CLANG_WARN_NON_LITERAL_NULL_CONVERSION = YES;
				CLANG_WARN_OBJC_IMPLICIT_RETAIN_SELF = YES;
				CLANG_WARN_OBJC_LITERAL_CONVERSION = YES;
				CLANG_WARN_OBJC_ROOT_CLASS = YES_ERROR;
				CLANG_WARN_QUOTED_INCLUDE_IN_FRAMEWORK_HEADER = YES;
				CLANG_WARN_RANGE_LOOP_ANALYSIS = YES;
				CLANG_WARN_STRICT_PROTOTYPES = YES;
				CLANG_WARN_SUSPICIOUS_MOVE = YES;
				CLANG_WARN_UNGUARDED_AVAILABILITY = YES_AGGRESSIVE;
				CLANG_WARN_UNREACHABLE_CODE = YES;
				CLANG_WARN__DUPLICATE_METHOD_MATCH = YES;
				COPY_PHASE_STRIP = NO;
				DEBUG_INFORMATION_FORMAT = "dwarf-with-dsym";
				ENABLE_NS_ASSERTIONS = NO;
				ENABLE_STRICT_OBJC_MSGSEND = YES;
				ENABLE_USER_SCRIPT_SANDBOXING = YES;
				GCC_C_LANGUAGE_STANDARD = gnu17;
				GCC_NO_COMMON_BLOCKS = YES;
				GCC_WARN_64_TO_32_BIT_CONVERSION = YES;
				GCC_WARN_ABOUT_RETURN_TYPE = YES_ERROR;
				GCC_WARN_UNDECLARED_SELECTOR = YES;
				GCC_WARN_UNINITIALIZED_AUTOS = YES_AGGRESSIVE;
				GCC_WARN_UNUSED_FUNCTION = YES;
				GCC_WARN_UNUSED_VARIABLE = YES;
				IPHONEOS_DEPLOYMENT_TARGET = 18.5;
				LOCALIZATION_PREFERS_STRING_CATALOGS = YES;
				MTL_ENABLE_DEBUG_INFO = NO;
				MTL_FAST_MATH = YES;
				SDKROOT = iphoneos;
				SWIFT_COMPILATION_MODE = wholemodule;
				VALIDATE_PRODUCT = YES;
			};
			name = Release;
		};
		CA71B1BC2E137875003496E0 /* Debug */ = {
			isa = XCBuildConfiguration;
			buildSettings = {
				ASSETCATALOG_COMPILER_APPICON_NAME = AppIcon;
				ASSETCATALOG_COMPILER_GLOBAL_ACCENT_COLOR_NAME = AccentColor;
				CODE_SIGN_STYLE = Automatic;
				CURRENT_PROJECT_VERSION = 1;
				ENABLE_PREVIEWS = YES;
				GENERATE_INFOPLIST_FILE = YES;
				INFOPLIST_KEY_UIApplicationSceneManifest_Generation = YES;
				INFOPLIST_KEY_UIApplicationSupportsIndirectInputEvents = YES;
				INFOPLIST_KEY_UILaunchScreen_Generation = YES;
				INFOPLIST_KEY_UISupportedInterfaceOrientations_iPad = "UIInterfaceOrientationPortrait UIInterfaceOrientationPortraitUpsideDown UIInterfaceOrientationLandscapeLeft UIInterfaceOrientationLandscapeRight";
				INFOPLIST_KEY_UISupportedInterfaceOrientations_iPhone = "UIInterfaceOrientationPortrait UIInterfaceOrientationLandscapeLeft UIInterfaceOrientationLandscapeRight";
				LD_RUNPATH_SEARCH_PATHS = (
					"$(inherited)",
					"@executable_path/Frameworks",
				);
				MARKETING_VERSION = 1.0;
				PRODUCT_BUNDLE_IDENTIFIER = "MDI-1.LemonRestaurant";
				PRODUCT_NAME = "$(TARGET_NAME)";
				SWIFT_EMIT_LOC_STRINGS = YES;
				SWIFT_VERSION = 5.0;
				TARGETED_DEVICE_FAMILY = "1,2";
			};
			name = Debug;
		};
		CA71B1BD2E137875003496E0 /* Release */ = {
			isa = XCBuildConfiguration;
			buildSettings = {
				ASSETCATALOG_COMPILER_APPICON_NAME = AppIcon;
				ASSETCATALOG_COMPILER_GLOBAL_ACCENT_COLOR_NAME = AccentColor;
				CODE_SIGN_STYLE = Automatic;
				CURRENT_PROJECT_VERSION = 1;
				ENABLE_PREVIEWS = YES;
				GENERATE_INFOPLIST_FILE = YES;
				INFOPLIST_KEY_UIApplicationSceneManifest_Generation = YES;
				INFOPLIST_KEY_UIApplicationSupportsIndirectInputEvents = YES;
				INFOPLIST_KEY_UILaunchScreen_Generation = YES;
				INFOPLIST_KEY_UISupportedInterfaceOrientations_iPad = "UIInterfaceOrientationPortrait UIInterfaceOrientationPortraitUpsideDown UIInterfaceOrientationLandscapeLeft UIInterfaceOrientationLandscapeRight";
				INFOPLIST_KEY_UISupportedInterfaceOrientations_iPhone = "UIInterfaceOrientationPortrait UIInterfaceOrientationLandscapeLeft UIInterfaceOrientationLandscapeRight";
				LD_RUNPATH_SEARCH_PATHS = (
					"$(inherited)",
					"@executable_path/Frameworks",
				);
				MARKETING_VERSION = 1.0;
				PRODUCT_BUNDLE_IDENTIFIER = "MDI-1.LemonRestaurant";
				PRODUCT_NAME = "$(TARGET_NAME)";
				SWIFT_EMIT_LOC_STRINGS = YES;
				SWIFT_VERSION = 5.0;
				TARGETED_DEVICE_FAMILY = "1,2";
			};
			name = Release;
		};
		CA71B1BF2E137875003496E0 /* Debug */ = {
			isa = XCBuildConfiguration;
			buildSettings = {
				BUNDLE_LOADER = "$(TEST_HOST)";
				CODE_SIGN_STYLE = Automatic;
				CURRENT_PROJECT_VERSION = 1;
				GENERATE_INFOPLIST_FILE = YES;
				IPHONEOS_DEPLOYMENT_TARGET = 18.5;
				MARKETING_VERSION = 1.0;
				PRODUCT_BUNDLE_IDENTIFIER = "MDI-1.LemonRestaurantTests";
				PRODUCT_NAME = "$(TARGET_NAME)";
				SWIFT_EMIT_LOC_STRINGS = NO;
				SWIFT_VERSION = 5.0;
				TARGETED_DEVICE_FAMILY = "1,2";
				TEST_HOST = "$(BUILT_PRODUCTS_DIR)/LemonRestaurant.app/$(BUNDLE_EXECUTABLE_FOLDER_PATH)/LemonRestaurant";
			};
			name = Debug;
		};
		CA71B1C02E137875003496E0 /* Release */ = {
			isa = XCBuildConfiguration;
			buildSettings = {
				BUNDLE_LOADER = "$(TEST_HOST)";
				CODE_SIGN_STYLE = Automatic;
				CURRENT_PROJECT_VERSION = 1;
				GENERATE_INFOPLIST_FILE = YES;
				IPHONEOS_DEPLOYMENT_TARGET = 18.5;
				MARKETING_VERSION = 1.0;
				PRODUCT_BUNDLE_IDENTIFIER = "MDI-1.LemonRestaurantTests";
				PRODUCT_NAME = "$(TARGET_NAME)";
				SWIFT_EMIT_LOC_STRINGS = NO;
				SWIFT_VERSION = 5.0;
				TARGETED_DEVICE_FAMILY = "1,2";
				TEST_HOST = "$(BUILT_PRODUCTS_DIR)/LemonRestaurant.app/$(BUNDLE_EXECUTABLE_FOLDER_PATH)/LemonRestaurant";
			};
			name = Release;
		};
		CA71B1C22E137875003496E0 /* Debug */ = {
			isa = XCBuildConfiguration;
			buildSettings = {
				CODE_SIGN_STYLE = Automatic;
				CURRENT_PROJECT_VERSION = 1;
				GENERATE_INFOPLIST_FILE = YES;
				MARKETING_VERSION = 1.0;
				PRODUCT_BUNDLE_IDENTIFIER = "MDI-1.LemonRestaurantUITests";
				PRODUCT_NAME = "$(TARGET_NAME)";
				SWIFT_EMIT_LOC_STRINGS = NO;
				SWIFT_VERSION = 5.0;
				TARGETED_DEVICE_FAMILY = "1,2";
				TEST_TARGET_NAME = LemonRestaurant;
			};
			name = Debug;
		};
		CA71B1C32E137875003496E0 /* Release */ = {
			isa = XCBuildConfiguration;
			buildSettings = {
				CODE_SIGN_STYLE = Automatic;
				CURRENT_PROJECT_VERSION = 1;
				GENERATE_INFOPLIST_FILE = YES;
				MARKETING_VERSION = 1.0;
				PRODUCT_BUNDLE_IDENTIFIER = "MDI-1.LemonRestaurantUITests";
				PRODUCT_NAME = "$(TARGET_NAME)";
				SWIFT_EMIT_LOC_STRINGS = NO;
				SWIFT_VERSION = 5.0;
				TARGETED_DEVICE_FAMILY = "1,2";
				TEST_TARGET_NAME = LemonRestaurant;
			};
			name = Release;
		};
/* End XCBuildConfiguration section */

/* Begin XCConfigurationList section */
		CA71B1932E137873003496E0 /* Build configuration list for PBXProject "LemonRestaurant" */ = {
			isa = XCConfigurationList;
			buildConfigurations = (
				CA71B1B92E137875003496E0 /* Debug */,
				CA71B1BA2E137875003496E0 /* Release */,
			);
			defaultConfigurationIsVisible = 0;
			defaultConfigurationName = Release;
		};
		CA71B1BB2E137875003496E0 /* Build configuration list for PBXNativeTarget "LemonRestaurant" */ = {
			isa = XCConfigurationList;
			buildConfigurations = (
				CA71B1BC2E137875003496E0 /* Debug */,
				CA71B1BD2E137875003496E0 /* Release */,
			);
			defaultConfigurationIsVisible = 0;
			defaultConfigurationName = Release;
		};
		CA71B1BE2E137875003496E0 /* Build configuration list for PBXNativeTarget "LemonRestaurantTests" */ = {
			isa = XCConfigurationList;
			buildConfigurations = (
				CA71B1BF2E137875003496E0 /* Debug */,
				CA71B1C02E137875003496E0 /* Release */,
			);
			defaultConfigurationIsVisible = 0;
			defaultConfigurationName = Release;
		};
		CA71B1C12E137875003496E0 /* Build configuration list for PBXNativeTarget "LemonRestaurantUITests" */ = {
			isa = XCConfigurationList;
			buildConfigurations = (
				CA71B1C22E137875003496E0 /* Debug */,
				CA71B1C32E137875003496E0 /* Release */,
			);
			defaultConfigurationIsVisible = 0;
			defaultConfigurationName = Release;
		};
/* End XCConfigurationList section */
	};
	rootObject = CA71B1902E137873003496E0 /* Project object */;
}
